
Microsoft Visual Studio Solution File, Format Version 12.00
# Visual Studio 15
VisualStudioVersion = 15.0.28010.2041
MinimumVisualStudioVersion = 10.0.40219.1
Project("{FAE04EC0-301F-11D3-BF4B-00C04F79EFBC}") = "Pinger", "Pinger\Pinger.csproj", "{F5BC87FF-B89F-4000-AAF3-75DF448263B6}"
EndProject
Global
	GlobalSection(SolutionConfigurationPlatforms) = preSolution
		Debug|Any CPU = Debug|Any CPU
		Release|Any CPU = Release|Any CPU
	EndGlobalSection
	GlobalSection(ProjectConfigurationPlatforms) = postSolution
		{F5BC87FF-B89F-4000-AAF3-75DF448263B6}.Debug|Any CPU.ActiveCfg = Debug|Any CPU
		{F5BC87FF-B89F-4000-AAF3-75DF448263B6}.Debug|Any CPU.Build.0 = Debug|Any CPU
		{F5BC87FF-B89F-4000-AAF3-75DF448263B6}.Release|Any CPU.ActiveCfg = Release|Any CPU
		{F5BC87FF-B89F-4000-AAF3-75DF448263B6}.Release|Any CPU.Build.0 = Release|Any CPU
	EndGlobalSection
	GlobalSection(SolutionProperties) = preSolution
		HideSolutionNode = FALSE
	EndGlobalSection
	GlobalSection(ExtensibilityGlobals) = postSolution
		SolutionGuid = {2B635F57-959A-48F4-A8BA-E1ED2AB070DE}
	EndGlobalSection
EndGlobal
